
Microsoft Visual Studio Solution File, Format Version 12.00
# Visual Studio Version 17
VisualStudioVersion = 17.9.34607.119
MinimumVisualStudioVersion = 10.0.40219.1
Project("{FAE04EC0-301F-11D3-BF4B-00C04F79EFBC}") = "Csharp", "Csharp\Csharp.csproj", "{B8369C83-E28D-49FD-8296-7D67E62AE70E}"
EndProject
Global
	GlobalSection(SolutionConfigurationPlatforms) = preSolution
		Debug|Any CPU = Debug|Any CPU
		Release|Any CPU = Release|Any CPU
	EndGlobalSection
	GlobalSection(ProjectConfigurationPlatforms) = postSolution
		{B8369C83-E28D-49FD-8296-7D67E62AE70E}.Debug|Any CPU.ActiveCfg = Debug|Any CPU
		{B8369C83-E28D-49FD-8296-7D67E62AE70E}.Debug|Any CPU.Build.0 = Debug|Any CPU
		{B8369C83-E28D-49FD-8296-7D67E62AE70E}.Release|Any CPU.ActiveCfg = Release|Any CPU
		{B8369C83-E28D-49FD-8296-7D67E62AE70E}.Release|Any CPU.Build.0 = Release|Any CPU
	EndGlobalSection
	GlobalSection(SolutionProperties) = preSolution
		HideSolutionNode = FALSE
	EndGlobalSection
	GlobalSection(ExtensibilityGlobals) = postSolution
		SolutionGuid = {9FE62E76-8F66-4E9C-BDBD-9D9BE4136929}
	EndGlobalSection
EndGlobal
